{
  "name": "pravdomil.com",
  "lockfileVersion": 2,
  "requires": true,
  "packages": {
    "": {
      "devDependencies": {
        "elm-utils": "github:pravdomil/Elm-Utils"
      }
    },
    "node_modules/elm-utils": {
      "resolved": "git+ssh://git@github.com/pravdomil/Elm-Utils.git#d7f5a2efc5d59c6cc80d2ba2a4d0ff5d88031294",
      "dev": true
    }
  },
  "dependencies": {
    "elm-utils": {
      "version": "git+ssh://git@github.com/pravdomil/Elm-Utils.git#d7f5a2efc5d59c6cc80d2ba2a4d0ff5d88031294",
      "dev": true,
      "from": "elm-utils@https://github.com/pravdomil/Elm-Utils"
    }
  }
}
