{
  "name": "pravdomil.com",
  "lockfileVersion": 2,
  "requires": true,
  "packages": {
    "": {
      "devDependencies": {
        "elm-utils": "github:pravdomil/elm-utils",
        "pravdomil-ui": "github:pravdomil/pravdomil-ui"
      }
    },
    "node_modules/elm-utils": {
      "resolved": "git+ssh://git@github.com/pravdomil/elm-utils.git#883850c9a8ed4b6d02e9c3e788d836169e65516d",
      "dev": true
    },
    "node_modules/pravdomil-ui": {
      "resolved": "git+ssh://git@github.com/pravdomil/pravdomil-ui.git#e7a6e447b88d60965da9541d30dcfe352f9d2395",
      "dev": true
    }
  },
  "dependencies": {
    "elm-utils": {
      "version": "git+ssh://git@github.com/pravdomil/elm-utils.git#883850c9a8ed4b6d02e9c3e788d836169e65516d",
      "dev": true,
      "from": "elm-utils@github:pravdomil/elm-utils"
    },
    "pravdomil-ui": {
      "version": "git+ssh://git@github.com/pravdomil/pravdomil-ui.git#e7a6e447b88d60965da9541d30dcfe352f9d2395",
      "dev": true,
      "from": "pravdomil-ui@github:pravdomil/pravdomil-ui"
    }
  }
}
